
Microsoft Visual Studio Solution File, Format Version 12.00
# Visual Studio 15
VisualStudioVersion = 15.0.28307.757
MinimumVisualStudioVersion = 10.0.40219.1
Project("{8BC9CEB8-8B4A-11D0-8D11-00A0C91BC942}") = "BreakpadDemo", "BreakpadDemo\BreakpadDemo.vcxproj", "{427920CB-6960-4B95-9A7D-D682489BB1FC}"
EndProject
Global
	GlobalSection(SolutionConfigurationPlatforms) = preSolution
		Debug|x64 = Debug|x64
		Debug|x86 = Debug|x86
		Release|x64 = Release|x64
		Release|x86 = Release|x86
	EndGlobalSection
	GlobalSection(ProjectConfigurationPlatforms) = postSolution
		{427920CB-6960-4B95-9A7D-D682489BB1FC}.Debug|x64.ActiveCfg = Debug|x64
		{427920CB-6960-4B95-9A7D-D682489BB1FC}.Debug|x64.Build.0 = Debug|x64
		{427920CB-6960-4B95-9A7D-D682489BB1FC}.Debug|x86.ActiveCfg = Debug|Win32
		{427920CB-6960-4B95-9A7D-D682489BB1FC}.Debug|x86.Build.0 = Debug|Win32
		{427920CB-6960-4B95-9A7D-D682489BB1FC}.Release|x64.ActiveCfg = Release|x64
		{427920CB-6960-4B95-9A7D-D682489BB1FC}.Release|x64.Build.0 = Release|x64
		{427920CB-6960-4B95-9A7D-D682489BB1FC}.Release|x86.ActiveCfg = Release|Win32
		{427920CB-6960-4B95-9A7D-D682489BB1FC}.Release|x86.Build.0 = Release|Win32
	EndGlobalSection
	GlobalSection(SolutionProperties) = preSolution
		HideSolutionNode = FALSE
	EndGlobalSection
	GlobalSection(ExtensibilityGlobals) = postSolution
		SolutionGuid = {17E9833B-6595-49B4-B37C-7B74E31C3342}
	EndGlobalSection
EndGlobal
